// !$*UTF8*$!
{
	archiveVersion = 1;
	classes = {
	};
	objectVersion = 46;
	objects = {

/* Begin PBXBuildFile section */
		FDC1D7D71EA06F7300A011AF /* AppDelegate.swift in Sources */ = {isa = PBXBuildFile; fileRef = FDC1D7D61EA06F7300A011AF /* AppDelegate.swift */; };
		FDC1D7D91EA06F7300A011AF /* ViewController.swift in Sources */ = {isa = PBXBuildFile; fileRef = FDC1D7D81EA06F7300A011AF /* ViewController.swift */; };
		FDC1D7DC1EA06F7300A011AF /* Main.storyboard in Resources */ = {isa = PBXBuildFile; fileRef = FDC1D7DA1EA06F7300A011AF /* Main.storyboard */; };
		FDC1D7DE1EA06F7300A011AF /* Assets.xcassets in Resources */ = {isa = PBXBuildFile; fileRef = FDC1D7DD1EA06F7300A011AF /* Assets.xcassets */; };
		FDC1D7E11EA06F7300A011AF /* LaunchScreen.storyboard in Resources */ = {isa = PBXBuildFile; fileRef = FDC1D7DF1EA06F7300A011AF /* LaunchScreen.storyboard */; };
/* End PBXBuildFile section */

/* Begin PBXFileReference section */
		FDC1D7D31EA06F7300A011AF /* AJPageView.app */ = {isa = PBXFileReference; explicitFileType = wrapper.application; includeInIndex = 0; path = AJPageView.app; sourceTree = BUILT_PRODUCTS_DIR; };
		FDC1D7D61EA06F7300A011AF /* AppDelegate.swift */ = {isa = PBXFileReference; lastKnownFileType = sourcecode.swift; path = AppDelegate.swift; sourceTree = "<group>"; };
		FDC1D7D81EA06F7300A011AF /* ViewController.swift */ = {isa = PBXFileReference; lastKnownFileType = sourcecode.swift; path = ViewController.swift; sourceTree = "<group>"; };
		FDC1D7DB1EA06F7300A011AF /* Base */ = {isa = PBXFileReference; lastKnownFileType = file.storyboard; name = Base; path = Base.lproj/Main.storyboard; sourceTree = "<group>"; };
		FDC1D7DD1EA06F7300A011AF /* Assets.xcassets */ = {isa = PBXFileReference; lastKnownFileType = folder.assetcatalog; path = Assets.xcassets; sourceTree = "<group>"; };
		FDC1D7E01EA06F7300A011AF /* Base */ = {isa = PBXFileReference; lastKnownFileType = file.storyboard; name = Base; path = Base.lproj/LaunchScreen.storyboard; sourceTree = "<group>"; };
		FDC1D7E21EA06F7300A011AF /* Info.plist */ = {isa = PBXFileReference; lastKnownFileType = text.plist.xml; path = Info.plist; sourceTree = "<group>"; };
/* End PBXFileReference section */

/* Begin PBXFrameworksBuildPhase section */
		FDC1D7D01EA06F7300A011AF /* Frameworks */ = {
			isa = PBXFrameworksBuildPhase;
			buildActionMask = 2147483647;
			files = (
			);
			runOnlyForDeploymentPostprocessing = 0;
		};
/* End PBXFrameworksBuildPhase section */

/* Begin PBXGroup section */
		FDC1D7CA1EA06F7300A011AF = {
			isa = PBXGroup;
			children = (
				FDC1D7D51EA06F7300A011AF /* AJPageView */,
				FDC1D7D41EA06F7300A011AF /* Products */,
			);
			sourceTree = "<group>";
		};
		FDC1D7D41EA06F7300A011AF /* Products */ = {
			isa = PBXGroup;
			children = (
				FDC1D7D31EA06F7300A011AF /* AJPageView.app */,
			);
			name = Products;
			sourceTree = "<group>";
		};
		FDC1D7D51EA06F7300A011AF /* AJPageView */ = {
			isa = PBXGroup;
			children = (
				FDC1D7D61EA06F7300A011AF /* AppDelegate.swift */,
				FDC1D7D81EA06F7300A011AF /* ViewController.swift */,
				FDC1D7DA1EA06F7300A011AF /* Main.storyboard */,
				FDC1D7DD1EA06F7300A011AF /* Assets.xcassets */,
				FDC1D7DF1EA06F7300A011AF /* LaunchScreen.storyboard */,
				FDC1D7E21EA06F7300A011AF /* Info.plist */,
			);
			path = AJPageView;
			sourceTree = "<group>";
		};
/* End PBXGroup section */

/* Begin PBXNativeTarget section */
		FDC1D7D21EA06F7300A011AF /* AJPageView */ = {
			isa = PBXNativeTarget;
			buildConfigurationList = FDC1D7E51EA06F7300A011AF /* Build configuration list for PBXNativeTarget "AJPageView" */;
			buildPhases = (
				FDC1D7CF1EA06F7300A011AF /* Sources */,
				FDC1D7D01EA06F7300A011AF /* Frameworks */,
				FDC1D7D11EA06F7300A011AF /* Resources */,
			);
			buildRules = (
			);
			dependencies = (
			);
			name = AJPageView;
			productName = AJPageView;
			productReference = FDC1D7D31EA06F7300A011AF /* AJPageView.app */;
			productType = "com.apple.product-type.application";
		};
/* End PBXNativeTarget section */

/* Begin PBXProject section */
		FDC1D7CB1EA06F7300A011AF /* Project object */ = {
			isa = PBXProject;
			attributes = {
				LastSwiftUpdateCheck = 0830;
				LastUpgradeCheck = 0830;
				ORGANIZATIONNAME = "艾晶";
				TargetAttributes = {
					FDC1D7D21EA06F7300A011AF = {
						CreatedOnToolsVersion = 8.3;
						ProvisioningStyle = Automatic;
					};
				};
			};
			buildConfigurationList = FDC1D7CE1EA06F7300A011AF /* Build configuration list for PBXProject "AJPageView" */;
			compatibilityVersion = "Xcode 3.2";
			developmentRegion = English;
			hasScannedForEncodings = 0;
			knownRegions = (
				en,
				Base,
			);
			mainGroup = FDC1D7CA1EA06F7300A011AF;
			productRefGroup = FDC1D7D41EA06F7300A011AF /* Products */;
			projectDirPath = "";
			projectRoot = "";
			targets = (
				FDC1D7D21EA06F7300A011AF /* AJPageView */,
			);
		};
/* End PBXProject section */

/* Begin PBXResourcesBuildPhase section */
		FDC1D7D11EA06F7300A011AF /* Resources */ = {
			isa = PBXResourcesBuildPhase;
			buildActionMask = 2147483647;
			files = (
				FDC1D7E11EA06F7300A011AF /* LaunchScreen.storyboard in Resources */,
				FDC1D7DE1EA06F7300A011AF /* Assets.xcassets in Resources */,
				FDC1D7DC1EA06F7300A011AF /* Main.storyboard in Resources */,
			);
			runOnlyForDeploymentPostprocessing = 0;
		};
/* End PBXResourcesBuildPhase section */

/* Begin PBXSourcesBuildPhase section */
		FDC1D7CF1EA06F7300A011AF /* Sources */ = {
			isa = PBXSourcesBuildPhase;
			buildActionMask = 2147483647;
			files = (
				FDC1D7D91EA06F7300A011AF /* ViewController.swift in Sources */,
				FDC1D7D71EA06F7300A011AF /* AppDelegate.swift in Sources */,
			);
			runOnlyForDeploymentPostprocessing = 0;
		};
/* End PBXSourcesBuildPhase section */

/* Begin PBXVariantGroup section */
		FDC1D7DA1EA06F7300A011AF /* Main.storyboard */ = {
			isa = PBXVariantGroup;
			children = (
				FDC1D7DB1EA06F7300A011AF /* Base */,
			);
			name = Main.storyboard;
			sourceTree = "<group>";
		};
		FDC1D7DF1EA06F7300A011AF /* LaunchScreen.storyboard */ = {
			isa = PBXVariantGroup;
			children = (
				FDC1D7E01EA06F7300A011AF /* Base */,
			);
			name = LaunchScreen.storyboard;
			sourceTree = "<group>";
		};
/* End PBXVariantGroup section */

/* Begin XCBuildConfiguration section */
		FDC1D7E31EA06F7300A011AF /* Debug */ = {
			isa = XCBuildConfiguration;
			buildSettings = {
				ALWAYS_SEARCH_USER_PATHS = NO;
				CLANG_ANALYZER_NONNULL = YES;
				CLANG_ANALYZER_NUMBER_OBJECT_CONVERSION = YES_AGGRESSIVE;
				CLANG_CXX_LANGUAGE_STANDARD = "gnu++0x";
				CLANG_CXX_LIBRARY = "libc++";
				CLANG_ENABLE_MODULES = YES;
				CLANG_ENABLE_OBJC_ARC = YES;
				CLANG_WARN_BOOL_CONVERSION = YES;
				CLANG_WARN_CONSTANT_CONVERSION = YES;
				CLANG_WARN_DIRECT_OBJC_ISA_USAGE = YES_ERROR;
				CLANG_WARN_DOCUMENTATION_COMMENTS = YES;
				CLANG_WARN_EMPTY_BODY = YES;
				CLANG_WARN_ENUM_CONVERSION = YES;
				CLANG_WARN_INFINITE_RECURSION = YES;
				CLANG_WARN_INT_CONVERSION = YES;
				CLANG_WARN_OBJC_ROOT_CLASS = YES_ERROR;
				CLANG_WARN_SUSPICIOUS_MOVE = YES;
				CLANG_WARN_UNREACHABLE_CODE = YES;
				CLANG_WARN__DUPLICATE_METHOD_MATCH = YES;
				"CODE_SIGN_IDENTITY[sdk=iphoneos*]" = "iPhone Developer";
				COPY_PHASE_STRIP = NO;
				DEBUG_INFORMATION_FORMAT = dwarf;
				ENABLE_STRICT_OBJC_MSGSEND = YES;
				ENABLE_TESTABILITY = YES;
				GCC_C_LANGUAGE_STANDARD = gnu99;
				GCC_DYNAMIC_NO_PIC = NO;
				GCC_NO_COMMON_BLOCKS = YES;
				GCC_OPTIMIZATION_LEVEL = 0;
				GCC_PREPROCESSOR_DEFINITIONS = (
					"DEBUG=1",
					"$(inherited)",
				);
				GCC_WARN_64_TO_32_BIT_CONVERSION = YES;
				GCC_WARN_ABOUT_RETURN_TYPE = YES_ERROR;
				GCC_WARN_UNDECLARED_SELECTOR = YES;
				GCC_WARN_UNINITIALIZED_AUTOS = YES_AGGRESSIVE;
				GCC_WARN_UNUSED_FUNCTION = YES;
				GCC_WARN_UNUSED_VARIABLE = YES;
				IPHONEOS_DEPLOYMENT_TARGET = 10.3;
				MTL_ENABLE_DEBUG_INFO = YES;
				ONLY_ACTIVE_ARCH = YES;
				SDKROOT = iphoneos;
				SWIFT_ACTIVE_COMPILATION_CONDITIONS = DEBUG;
				SWIFT_OPTIMIZATION_LEVEL = "-Onone";
			};
			name = Debug;
		};
		FDC1D7E41EA06F7300A011AF /* Release */ = {
			isa = XCBuildConfiguration;
			buildSettings = {
				ALWAYS_SEARCH_USER_PATHS = NO;
				CLANG_ANALYZER_NONNULL = YES;
				CLANG_ANALYZER_NUMBER_OBJECT_CONVERSION = YES_AGGRESSIVE;
				CLANG_CXX_LANGUAGE_STANDARD = "gnu++0x";
				CLANG_CXX_LIBRARY = "libc++";
				CLANG_ENABLE_MODULES = YES;
				CLANG_ENABLE_OBJC_ARC = YES;
				CLANG_WARN_BOOL_CONVERSION = YES;
				CLANG_WARN_CONSTANT_CONVERSION = YES;
				CLANG_WARN_DIRECT_OBJC_ISA_USAGE = YES_ERROR;
				CLANG_WARN_DOCUMENTATION_COMMENTS = YES;
				CLANG_WARN_EMPTY_BODY = YES;
				CLANG_WARN_ENUM_CONVERSION = YES;
				CLANG_WARN_INFINITE_RECURSION = YES;
				CLANG_WARN_INT_CONVERSION = YES;
				CLANG_WARN_OBJC_ROOT_CLASS = YES_ERROR;
				CLANG_WARN_SUSPICIOUS_MOVE = YES;
				CLANG_WARN_UNREACHABLE_CODE = YES;
				CLANG_WARN__DUPLICATE_METHOD_MATCH = YES;
				"CODE_SIGN_IDENTITY[sdk=iphoneos*]" = "iPhone Developer";
				COPY_PHASE_STRIP = NO;
				DEBUG_INFORMATION_FORMAT = "dwarf-with-dsym";
				ENABLE_NS_ASSERTIONS = NO;
				ENABLE_STRICT_OBJC_MSGSEND = YES;
				GCC_C_LANGUAGE_STANDARD = gnu99;
				GCC_NO_COMMON_BLOCKS = YES;
				GCC_WARN_64_TO_32_BIT_CONVERSION = YES;
				GCC_WARN_ABOUT_RETURN_TYPE = YES_ERROR;
				GCC_WARN_UNDECLARED_SELECTOR = YES;
				GCC_WARN_UNINITIALIZED_AUTOS = YES_AGGRESSIVE;
				GCC_WARN_UNUSED_FUNCTION = YES;
				GCC_WARN_UNUSED_VARIABLE = YES;
				IPHONEOS_DEPLOYMENT_TARGET = 10.3;
				MTL_ENABLE_DEBUG_INFO = NO;
				SDKROOT = iphoneos;
				SWIFT_OPTIMIZATION_LEVEL = "-Owholemodule";
				VALIDATE_PRODUCT = YES;
			};
			name = Release;
		};
		FDC1D7E61EA06F7300A011AF /* Debug */ = {
			isa = XCBuildConfiguration;
			buildSettings = {
				ASSETCATALOG_COMPILER_APPICON_NAME = AppIcon;
				INFOPLIST_FILE = AJPageView/Info.plist;
				LD_RUNPATH_SEARCH_PATHS = "$(inherited) @executable_path/Frameworks";
				PRODUCT_BUNDLE_IDENTIFIER = Dreamaj.AJPageView;
				PRODUCT_NAME = "$(TARGET_NAME)";
				SWIFT_VERSION = 3.0;
			};
			name = Debug;
		};
		FDC1D7E71EA06F7300A011AF /* Release */ = {
			isa = XCBuildConfiguration;
			buildSettings = {
				ASSETCATALOG_COMPILER_APPICON_NAME = AppIcon;
				INFOPLIST_FILE = AJPageView/Info.plist;
				LD_RUNPATH_SEARCH_PATHS = "$(inherited) @executable_path/Frameworks";
				PRODUCT_BUNDLE_IDENTIFIER = Dreamaj.AJPageView;
				PRODUCT_NAME = "$(TARGET_NAME)";
				SWIFT_VERSION = 3.0;
			};
			name = Release;
		};
/* End XCBuildConfiguration section */

/* Begin XCConfigurationList section */
		FDC1D7CE1EA06F7300A011AF /* Build configuration list for PBXProject "AJPageView" */ = {
			isa = XCConfigurationList;
			buildConfigurations = (
				FDC1D7E31EA06F7300A011AF /* Debug */,
				FDC1D7E41EA06F7300A011AF /* Release */,
			);
			defaultConfigurationIsVisible = 0;
			defaultConfigurationName = Release;
		};
		FDC1D7E51EA06F7300A011AF /* Build configuration list for PBXNativeTarget "AJPageView" */ = {
			isa = XCConfigurationList;
			buildConfigurations = (
				FDC1D7E61EA06F7300A011AF /* Debug */,
				FDC1D7E71EA06F7300A011AF /* Release */,
			);
			defaultConfigurationIsVisible = 0;
		};
/* End XCConfigurationList section */
	};
	rootObject = FDC1D7CB1EA06F7300A011AF /* Project object */;
}
